
Microsoft Visual Studio Solution File, Format Version 12.00
# Visual Studio 15
VisualStudioVersion = 15.0.28307.438
MinimumVisualStudioVersion = 10.0.40219.1
Project("{FAE04EC0-301F-11D3-BF4B-00C04F79EFBC}") = "Party_Invites_wepApp", "Party_Invites_wepApp\Party_Invites_wepApp.csproj", "{5600E8BB-0B76-4D55-B26C-C8B50E95CBD1}"
EndProject
Global
	GlobalSection(SolutionConfigurationPlatforms) = preSolution
		Debug|Any CPU = Debug|Any CPU
		Release|Any CPU = Release|Any CPU
	EndGlobalSection
	GlobalSection(ProjectConfigurationPlatforms) = postSolution
		{5600E8BB-0B76-4D55-B26C-C8B50E95CBD1}.Debug|Any CPU.ActiveCfg = Debug|Any CPU
		{5600E8BB-0B76-4D55-B26C-C8B50E95CBD1}.Debug|Any CPU.Build.0 = Debug|Any CPU
		{5600E8BB-0B76-4D55-B26C-C8B50E95CBD1}.Release|Any CPU.ActiveCfg = Release|Any CPU
		{5600E8BB-0B76-4D55-B26C-C8B50E95CBD1}.Release|Any CPU.Build.0 = Release|Any CPU
	EndGlobalSection
	GlobalSection(SolutionProperties) = preSolution
		HideSolutionNode = FALSE
	EndGlobalSection
	GlobalSection(ExtensibilityGlobals) = postSolution
		SolutionGuid = {66E7334D-E5F2-47E5-92E4-C554D5DDE3E9}
	EndGlobalSection
EndGlobal
